// !$*UTF8*$!
{
	archiveVersion = 1;
	classes = {
	};
	objectVersion = 56;
	objects = {

/* Begin PBXFileReference section */
		D26BE0A32B30B991000166C2 /* Defines.h */ = {isa = PBXFileReference; fileEncoding = 4; lastKnownFileType = sourcecode.c.h; path = Defines.h; sourceTree = "<group>"; };
		D26BE0A42B30B991000166C2 /* M5ATOM_Testing.ino */ = {isa = PBXFileReference; fileEncoding = 4; lastKnownFileType = text; path = M5ATOM_Testing.ino; sourceTree = "<group>"; };
		D26BE0A82B30B991000166C2 /* ATOMQR_UART_CMD.cpp */ = {isa = PBXFileReference; fileEncoding = 4; lastKnownFileType = sourcecode.cpp.cpp; path = ATOMQR_UART_CMD.cpp; sourceTree = "<group>"; };
		D26BE0AC2B30B991000166C2 /* ATOMQR_UART_CMD.h */ = {isa = PBXFileReference; fileEncoding = 4; lastKnownFileType = sourcecode.c.h; path = ATOMQR_UART_CMD.h; sourceTree = "<group>"; };
		D26BE0AD2B30BAE2000166C2 /* ATOM_SM.cpp */ = {isa = PBXFileReference; lastKnownFileType = sourcecode.cpp.cpp; path = ATOM_SM.cpp; sourceTree = "<group>"; };
		D26BE0AE2B30BAE2000166C2 /* ATOM_SM.h */ = {isa = PBXFileReference; lastKnownFileType = sourcecode.c.h; path = ATOM_SM.h; sourceTree = "<group>"; };
		D26BE0AF2B30BF76000166C2 /* ATOMQRCodeModule.cpp */ = {isa = PBXFileReference; fileEncoding = 4; lastKnownFileType = sourcecode.cpp.cpp; path = ATOMQRCodeModule.cpp; sourceTree = "<group>"; };
		D26BE0B02B30BF76000166C2 /* ATOMQRCodeModule.h */ = {isa = PBXFileReference; fileEncoding = 4; lastKnownFileType = sourcecode.c.h; path = ATOMQRCodeModule.h; sourceTree = "<group>"; };
		D26BE0B12B30C1A5000166C2 /* README.md */ = {isa = PBXFileReference; lastKnownFileType = net.daringfireball.markdown; path = README.md; sourceTree = "<group>"; };
		D26BE0B32B30C2BD000166C2 /* ATOM.jpg */ = {isa = PBXFileReference; lastKnownFileType = image.jpeg; path = ATOM.jpg; sourceTree = "<group>"; };
		D26BE0B42B30C345000166C2 /* QRAtom.jpeg */ = {isa = PBXFileReference; lastKnownFileType = image.jpeg; path = QRAtom.jpeg; sourceTree = "<group>"; };
		D26BE0B52B30C35A000166C2 /* SM_SMART.png */ = {isa = PBXFileReference; lastKnownFileType = image.png; path = SM_SMART.png; sourceTree = "<group>"; };
		D26BE0B62B30C38C000166C2 /* SemanticMarkerQR.jpg */ = {isa = PBXFileReference; lastKnownFileType = image.jpeg; path = SemanticMarkerQR.jpg; sourceTree = "<group>"; };
/* End PBXFileReference section */

/* Begin PBXGroup section */
		D26BE0982B30B685000166C2 = {
			isa = PBXGroup;
			children = (
				D26BE0B22B30C2B1000166C2 /* images */,
				D26BE0B12B30C1A5000166C2 /* README.md */,
				D26BE0A32B30B991000166C2 /* Defines.h */,
				D26BE0A42B30B991000166C2 /* M5ATOM_Testing.ino */,
				D26BE0A52B30B991000166C2 /* src */,
			);
			sourceTree = "<group>";
		};
		D26BE0A52B30B991000166C2 /* src */ = {
			isa = PBXGroup;
			children = (
				D26BE0A62B30B991000166C2 /* ATOM_QRCode_Module */,
			);
			path = src;
			sourceTree = "<group>";
		};
		D26BE0A62B30B991000166C2 /* ATOM_QRCode_Module */ = {
			isa = PBXGroup;
			children = (
				D26BE0AF2B30BF76000166C2 /* ATOMQRCodeModule.cpp */,
				D26BE0B02B30BF76000166C2 /* ATOMQRCodeModule.h */,
				D26BE0AC2B30B991000166C2 /* ATOMQR_UART_CMD.h */,
				D26BE0A82B30B991000166C2 /* ATOMQR_UART_CMD.cpp */,
				D26BE0AE2B30BAE2000166C2 /* ATOM_SM.h */,
				D26BE0AD2B30BAE2000166C2 /* ATOM_SM.cpp */,
			);
			path = ATOM_QRCode_Module;
			sourceTree = "<group>";
		};
		D26BE0B22B30C2B1000166C2 /* images */ = {
			isa = PBXGroup;
			children = (
				D26BE0B32B30C2BD000166C2 /* ATOM.jpg */,
				D26BE0B42B30C345000166C2 /* QRAtom.jpeg */,
				D26BE0B52B30C35A000166C2 /* SM_SMART.png */,
				D26BE0B62B30C38C000166C2 /* SemanticMarkerQR.jpg */,
			);
			path = images;
			sourceTree = "<group>";
		};
/* End PBXGroup section */

/* Begin PBXLegacyTarget section */
		D26BE09D2B30B685000166C2 /* M5ATOM_Testing */ = {
			isa = PBXLegacyTarget;
			buildArgumentsString = "$(ACTION)";
			buildConfigurationList = D26BE0A02B30B685000166C2 /* Build configuration list for PBXLegacyTarget "M5ATOM_Testing" */;
			buildPhases = (
			);
			buildToolPath = /usr/bin/make;
			dependencies = (
			);
			name = M5ATOM_Testing;
			passBuildSettingsInEnvironment = 1;
			productName = M5ATOM_Testing;
		};
/* End PBXLegacyTarget section */

/* Begin PBXProject section */
		D26BE0992B30B685000166C2 /* Project object */ = {
			isa = PBXProject;
			attributes = {
				BuildIndependentTargetsInParallel = 1;
				LastUpgradeCheck = 1510;
				TargetAttributes = {
					D26BE09D2B30B685000166C2 = {
						CreatedOnToolsVersion = 15.1;
					};
				};
			};
			buildConfigurationList = D26BE09C2B30B685000166C2 /* Build configuration list for PBXProject "M5ATOM_Testing" */;
			compatibilityVersion = "Xcode 14.0";
			developmentRegion = en;
			hasScannedForEncodings = 0;
			knownRegions = (
				en,
				Base,
			);
			mainGroup = D26BE0982B30B685000166C2;
			projectDirPath = "";
			projectRoot = "";
			targets = (
				D26BE09D2B30B685000166C2 /* M5ATOM_Testing */,
			);
		};
/* End PBXProject section */

/* Begin XCBuildConfiguration section */
		D26BE09E2B30B685000166C2 /* Debug */ = {
			isa = XCBuildConfiguration;
			buildSettings = {
				ALWAYS_SEARCH_USER_PATHS = NO;
				ASSETCATALOG_COMPILER_GENERATE_SWIFT_ASSET_SYMBOL_EXTENSIONS = YES;
				CLANG_ANALYZER_NONNULL = YES;
				CLANG_ANALYZER_NUMBER_OBJECT_CONVERSION = YES_AGGRESSIVE;
				CLANG_CXX_LANGUAGE_STANDARD = "gnu++20";
				CLANG_ENABLE_MODULES = YES;
				CLANG_ENABLE_OBJC_ARC = YES;
				CLANG_ENABLE_OBJC_WEAK = YES;
				CLANG_WARN_BLOCK_CAPTURE_AUTORELEASING = YES;
				CLANG_WARN_BOOL_CONVERSION = YES;
				CLANG_WARN_COMMA = YES;
				CLANG_WARN_CONSTANT_CONVERSION = YES;
				CLANG_WARN_DEPRECATED_OBJC_IMPLEMENTATIONS = YES;
				CLANG_WARN_DIRECT_OBJC_ISA_USAGE = YES_ERROR;
				CLANG_WARN_DOCUMENTATION_COMMENTS = YES;
				CLANG_WARN_EMPTY_BODY = YES;
				CLANG_WARN_ENUM_CONVERSION = YES;
				CLANG_WARN_INFINITE_RECURSION = YES;
				CLANG_WARN_INT_CONVERSION = YES;
				CLANG_WARN_NON_LITERAL_NULL_CONVERSION = YES;
				CLANG_WARN_OBJC_IMPLICIT_RETAIN_SELF = YES;
				CLANG_WARN_OBJC_LITERAL_CONVERSION = YES;
				CLANG_WARN_OBJC_ROOT_CLASS = YES_ERROR;
				CLANG_WARN_QUOTED_INCLUDE_IN_FRAMEWORK_HEADER = YES;
				CLANG_WARN_RANGE_LOOP_ANALYSIS = YES;
				CLANG_WARN_STRICT_PROTOTYPES = YES;
				CLANG_WARN_SUSPICIOUS_MOVE = YES;
				CLANG_WARN_UNGUARDED_AVAILABILITY = YES_AGGRESSIVE;
				CLANG_WARN_UNREACHABLE_CODE = YES;
				CLANG_WARN__DUPLICATE_METHOD_MATCH = YES;
				COPY_PHASE_STRIP = NO;
				DEBUG_INFORMATION_FORMAT = dwarf;
				ENABLE_STRICT_OBJC_MSGSEND = YES;
				ENABLE_TESTABILITY = YES;
				ENABLE_USER_SCRIPT_SANDBOXING = YES;
				GCC_C_LANGUAGE_STANDARD = gnu17;
				GCC_DYNAMIC_NO_PIC = NO;
				GCC_NO_COMMON_BLOCKS = YES;
				GCC_OPTIMIZATION_LEVEL = 0;
				GCC_PREPROCESSOR_DEFINITIONS = (
					"DEBUG=1",
					"$(inherited)",
				);
				GCC_WARN_64_TO_32_BIT_CONVERSION = YES;
				GCC_WARN_ABOUT_RETURN_TYPE = YES_ERROR;
				GCC_WARN_UNDECLARED_SELECTOR = YES;
				GCC_WARN_UNINITIALIZED_AUTOS = YES_AGGRESSIVE;
				GCC_WARN_UNUSED_FUNCTION = YES;
				GCC_WARN_UNUSED_VARIABLE = YES;
				LOCALIZATION_PREFERS_STRING_CATALOGS = YES;
				MTL_ENABLE_DEBUG_INFO = INCLUDE_SOURCE;
				MTL_FAST_MATH = YES;
				ONLY_ACTIVE_ARCH = YES;
			};
			name = Debug;
		};
		D26BE09F2B30B685000166C2 /* Release */ = {
			isa = XCBuildConfiguration;
			buildSettings = {
				ALWAYS_SEARCH_USER_PATHS = NO;
				ASSETCATALOG_COMPILER_GENERATE_SWIFT_ASSET_SYMBOL_EXTENSIONS = YES;
				CLANG_ANALYZER_NONNULL = YES;
				CLANG_ANALYZER_NUMBER_OBJECT_CONVERSION = YES_AGGRESSIVE;
				CLANG_CXX_LANGUAGE_STANDARD = "gnu++20";
				CLANG_ENABLE_MODULES = YES;
				CLANG_ENABLE_OBJC_ARC = YES;
				CLANG_ENABLE_OBJC_WEAK = YES;
				CLANG_WARN_BLOCK_CAPTURE_AUTORELEASING = YES;
				CLANG_WARN_BOOL_CONVERSION = YES;
				CLANG_WARN_COMMA = YES;
				CLANG_WARN_CONSTANT_CONVERSION = YES;
				CLANG_WARN_DEPRECATED_OBJC_IMPLEMENTATIONS = YES;
				CLANG_WARN_DIRECT_OBJC_ISA_USAGE = YES_ERROR;
				CLANG_WARN_DOCUMENTATION_COMMENTS = YES;
				CLANG_WARN_EMPTY_BODY = YES;
				CLANG_WARN_ENUM_CONVERSION = YES;
				CLANG_WARN_INFINITE_RECURSION = YES;
				CLANG_WARN_INT_CONVERSION = YES;
				CLANG_WARN_NON_LITERAL_NULL_CONVERSION = YES;
				CLANG_WARN_OBJC_IMPLICIT_RETAIN_SELF = YES;
				CLANG_WARN_OBJC_LITERAL_CONVERSION = YES;
				CLANG_WARN_OBJC_ROOT_CLASS = YES_ERROR;
				CLANG_WARN_QUOTED_INCLUDE_IN_FRAMEWORK_HEADER = YES;
				CLANG_WARN_RANGE_LOOP_ANALYSIS = YES;
				CLANG_WARN_STRICT_PROTOTYPES = YES;
				CLANG_WARN_SUSPICIOUS_MOVE = YES;
				CLANG_WARN_UNGUARDED_AVAILABILITY = YES_AGGRESSIVE;
				CLANG_WARN_UNREACHABLE_CODE = YES;
				CLANG_WARN__DUPLICATE_METHOD_MATCH = YES;
				COPY_PHASE_STRIP = NO;
				DEBUG_INFORMATION_FORMAT = "dwarf-with-dsym";
				ENABLE_NS_ASSERTIONS = NO;
				ENABLE_STRICT_OBJC_MSGSEND = YES;
				ENABLE_USER_SCRIPT_SANDBOXING = YES;
				GCC_C_LANGUAGE_STANDARD = gnu17;
				GCC_NO_COMMON_BLOCKS = YES;
				GCC_WARN_64_TO_32_BIT_CONVERSION = YES;
				GCC_WARN_ABOUT_RETURN_TYPE = YES_ERROR;
				GCC_WARN_UNDECLARED_SELECTOR = YES;
				GCC_WARN_UNINITIALIZED_AUTOS = YES_AGGRESSIVE;
				GCC_WARN_UNUSED_FUNCTION = YES;
				GCC_WARN_UNUSED_VARIABLE = YES;
				LOCALIZATION_PREFERS_STRING_CATALOGS = YES;
				MTL_ENABLE_DEBUG_INFO = NO;
				MTL_FAST_MATH = YES;
			};
			name = Release;
		};
		D26BE0A12B30B685000166C2 /* Debug */ = {
			isa = XCBuildConfiguration;
			buildSettings = {
				CODE_SIGN_STYLE = Automatic;
				DEBUGGING_SYMBOLS = YES;
				DEBUG_INFORMATION_FORMAT = dwarf;
				DEVELOPMENT_TEAM = HZK48LWF33;
				GCC_GENERATE_DEBUGGING_SYMBOLS = YES;
				GCC_OPTIMIZATION_LEVEL = 0;
				OTHER_CFLAGS = "";
				OTHER_LDFLAGS = "";
				PRODUCT_NAME = "$(TARGET_NAME)";
			};
			name = Debug;
		};
		D26BE0A22B30B685000166C2 /* Release */ = {
			isa = XCBuildConfiguration;
			buildSettings = {
				CODE_SIGN_STYLE = Automatic;
				DEBUG_INFORMATION_FORMAT = "dwarf-with-dsym";
				DEVELOPMENT_TEAM = HZK48LWF33;
				OTHER_CFLAGS = "";
				OTHER_LDFLAGS = "";
				PRODUCT_NAME = "$(TARGET_NAME)";
			};
			name = Release;
		};
/* End XCBuildConfiguration section */

/* Begin XCConfigurationList section */
		D26BE09C2B30B685000166C2 /* Build configuration list for PBXProject "M5ATOM_Testing" */ = {
			isa = XCConfigurationList;
			buildConfigurations = (
				D26BE09E2B30B685000166C2 /* Debug */,
				D26BE09F2B30B685000166C2 /* Release */,
			);
			defaultConfigurationIsVisible = 0;
			defaultConfigurationName = Release;
		};
		D26BE0A02B30B685000166C2 /* Build configuration list for PBXLegacyTarget "M5ATOM_Testing" */ = {
			isa = XCConfigurationList;
			buildConfigurations = (
				D26BE0A12B30B685000166C2 /* Debug */,
				D26BE0A22B30B685000166C2 /* Release */,
			);
			defaultConfigurationIsVisible = 0;
			defaultConfigurationName = Release;
		};
/* End XCConfigurationList section */
	};
	rootObject = D26BE0992B30B685000166C2 /* Project object */;
}
